// !$*UTF8*$!
{
	archiveVersion = 1;
	classes = {
	};
	objectVersion = 50;
	objects = {

/* Begin PBXBuildFile section */
		DB4E24682590C5280072E79E /* GameScene.sks in Resources */ = {isa = PBXBuildFile; fileRef = DB4E24672590C5280072E79E /* GameScene.sks */; };
		DB5204772518C2DC0071A837 /* jump.wav in Resources */ = {isa = PBXBuildFile; fileRef = DB5204762518C2DB0071A837 /* jump.wav */; };
		DB52047E2518C5C80071A837 /* waterSplash.wav in Resources */ = {isa = PBXBuildFile; fileRef = DB52047D2518C5C80071A837 /* waterSplash.wav */; };
		DB5204812518C9C10071A837 /* gameOver.wav in Resources */ = {isa = PBXBuildFile; fileRef = DB5204802518C9C10071A837 /* gameOver.wav */; };
		DB5A610324DDD8DC001A724F /* AppDelegate.swift in Sources */ = {isa = PBXBuildFile; fileRef = DB5A610224DDD8DC001A724F /* AppDelegate.swift */; };
		DB5A610924DDD8DC001A724F /* GameScene.swift in Sources */ = {isa = PBXBuildFile; fileRef = DB5A610824DDD8DC001A724F /* GameScene.swift */; };
		DB5A610B24DDD8DC001A724F /* GameViewController.swift in Sources */ = {isa = PBXBuildFile; fileRef = DB5A610A24DDD8DC001A724F /* GameViewController.swift */; };
		DB5A610E24DDD8DC001A724F /* Main.storyboard in Resources */ = {isa = PBXBuildFile; fileRef = DB5A610C24DDD8DC001A724F /* Main.storyboard */; };
		DB5A611024DDD8DE001A724F /* Assets.xcassets in Resources */ = {isa = PBXBuildFile; fileRef = DB5A610F24DDD8DE001A724F /* Assets.xcassets */; };
		DB5A611324DDD8DE001A724F /* LaunchScreen.storyboard in Resources */ = {isa = PBXBuildFile; fileRef = DB5A611124DDD8DE001A724F /* LaunchScreen.storyboard */; };
		DB5A611B24DDD9FD001A724F /* Santa.swift in Sources */ = {isa = PBXBuildFile; fileRef = DB5A611A24DDD9FD001A724F /* Santa.swift */; };
		DB5A611D24DDDA9B001A724F /* MenuLayer.swift in Sources */ = {isa = PBXBuildFile; fileRef = DB5A611C24DDDA9B001A724F /* MenuLayer.swift */; };
		DB5A612324DDDBE3001A724F /* candy.wav in Resources */ = {isa = PBXBuildFile; fileRef = DB5A612124DDDBE3001A724F /* candy.wav */; };
		DB6E4A2024F57635007E4098 /* SnowSplash.sks in Resources */ = {isa = PBXBuildFile; fileRef = DB6E4A1F24F57635007E4098 /* SnowSplash.sks */; };
		DB8C7178251A1E5D002E254E /* backgroundSong.mp3 in Resources */ = {isa = PBXBuildFile; fileRef = DB8C7177251A1E5D002E254E /* backgroundSong.mp3 */; };
		DB908296250FC874001F1E7F /* WaterSplash.sks in Resources */ = {isa = PBXBuildFile; fileRef = DB908295250FC874001F1E7F /* WaterSplash.sks */; };
		DB908298251253F4001F1E7F /* Snowing.sks in Resources */ = {isa = PBXBuildFile; fileRef = DB908297251253F4001F1E7F /* Snowing.sks */; };
		DBB56FF3254435460030A2E1 /* ho-ho-ho.wav in Resources */ = {isa = PBXBuildFile; fileRef = DBB56FF2254435460030A2E1 /* ho-ho-ho.wav */; };
/* End PBXBuildFile section */

/* Begin PBXFileReference section */
		DB4E24672590C5280072E79E /* GameScene.sks */ = {isa = PBXFileReference; lastKnownFileType = file.sks; path = GameScene.sks; sourceTree = "<group>"; };
		DB5204762518C2DB0071A837 /* jump.wav */ = {isa = PBXFileReference; lastKnownFileType = audio.wav; path = jump.wav; sourceTree = "<group>"; };
		DB52047D2518C5C80071A837 /* waterSplash.wav */ = {isa = PBXFileReference; lastKnownFileType = audio.wav; path = waterSplash.wav; sourceTree = "<group>"; };
		DB5204802518C9C10071A837 /* gameOver.wav */ = {isa = PBXFileReference; lastKnownFileType = audio.wav; path = gameOver.wav; sourceTree = "<group>"; };
		DB5A60FF24DDD8DC001A724F /* Funny Santa.app */ = {isa = PBXFileReference; explicitFileType = wrapper.application; includeInIndex = 0; path = "Funny Santa.app"; sourceTree = BUILT_PRODUCTS_DIR; };
		DB5A610224DDD8DC001A724F /* AppDelegate.swift */ = {isa = PBXFileReference; lastKnownFileType = sourcecode.swift; path = AppDelegate.swift; sourceTree = "<group>"; };
		DB5A610824DDD8DC001A724F /* GameScene.swift */ = {isa = PBXFileReference; lastKnownFileType = sourcecode.swift; path = GameScene.swift; sourceTree = "<group>"; };
		DB5A610A24DDD8DC001A724F /* GameViewController.swift */ = {isa = PBXFileReference; lastKnownFileType = sourcecode.swift; path = GameViewController.swift; sourceTree = "<group>"; };
		DB5A610D24DDD8DC001A724F /* Base */ = {isa = PBXFileReference; lastKnownFileType = file.storyboard; name = Base; path = Base.lproj/Main.storyboard; sourceTree = "<group>"; };
		DB5A610F24DDD8DE001A724F /* Assets.xcassets */ = {isa = PBXFileReference; lastKnownFileType = folder.assetcatalog; path = Assets.xcassets; sourceTree = "<group>"; };
		DB5A611224DDD8DE001A724F /* Base */ = {isa = PBXFileReference; lastKnownFileType = file.storyboard; name = Base; path = Base.lproj/LaunchScreen.storyboard; sourceTree = "<group>"; };
		DB5A611424DDD8DE001A724F /* Info.plist */ = {isa = PBXFileReference; lastKnownFileType = text.plist.xml; path = Info.plist; sourceTree = "<group>"; };
		DB5A611A24DDD9FD001A724F /* Santa.swift */ = {isa = PBXFileReference; lastKnownFileType = sourcecode.swift; path = Santa.swift; sourceTree = "<group>"; };
		DB5A611C24DDDA9B001A724F /* MenuLayer.swift */ = {isa = PBXFileReference; lastKnownFileType = sourcecode.swift; path = MenuLayer.swift; sourceTree = "<group>"; };
		DB5A612124DDDBE3001A724F /* candy.wav */ = {isa = PBXFileReference; lastKnownFileType = audio.wav; path = candy.wav; sourceTree = "<group>"; };
		DB6E4A1F24F57635007E4098 /* SnowSplash.sks */ = {isa = PBXFileReference; lastKnownFileType = file.sks; path = SnowSplash.sks; sourceTree = "<group>"; };
		DB8C7177251A1E5D002E254E /* backgroundSong.mp3 */ = {isa = PBXFileReference; lastKnownFileType = audio.mp3; path = backgroundSong.mp3; sourceTree = "<group>"; };
		DB908295250FC874001F1E7F /* WaterSplash.sks */ = {isa = PBXFileReference; lastKnownFileType = file.sks; path = WaterSplash.sks; sourceTree = "<group>"; };
		DB908297251253F4001F1E7F /* Snowing.sks */ = {isa = PBXFileReference; lastKnownFileType = file.sks; path = Snowing.sks; sourceTree = "<group>"; };
		DBB56FF2254435460030A2E1 /* ho-ho-ho.wav */ = {isa = PBXFileReference; lastKnownFileType = audio.wav; path = "ho-ho-ho.wav"; sourceTree = "<group>"; };
/* End PBXFileReference section */

/* Begin PBXFrameworksBuildPhase section */
		DB5A60FC24DDD8DC001A724F /* Frameworks */ = {
			isa = PBXFrameworksBuildPhase;
			buildActionMask = 2147483647;
			files = (
			);
			runOnlyForDeploymentPostprocessing = 0;
		};
/* End PBXFrameworksBuildPhase section */

/* Begin PBXGroup section */
		DB4E24632590C4060072E79E /* GameSceneFiles */ = {
			isa = PBXGroup;
			children = (
				DB4E24672590C5280072E79E /* GameScene.sks */,
				DB5A610824DDD8DC001A724F /* GameScene.swift */,
				DB5A611C24DDDA9B001A724F /* MenuLayer.swift */,
				DB5A611A24DDD9FD001A724F /* Santa.swift */,
				DB5A610A24DDD8DC001A724F /* GameViewController.swift */,
			);
			path = GameSceneFiles;
			sourceTree = "<group>";
		};
		DB4E24642590C4300072E79E /* Partical Emitter */ = {
			isa = PBXGroup;
			children = (
				DB6E4A1F24F57635007E4098 /* SnowSplash.sks */,
				DB908295250FC874001F1E7F /* WaterSplash.sks */,
				DB908297251253F4001F1E7F /* Snowing.sks */,
			);
			path = "Partical Emitter";
			sourceTree = "<group>";
		};
		DB4E24652590C4520072E79E /* Sounds */ = {
			isa = PBXGroup;
			children = (
				DB5A612124DDDBE3001A724F /* candy.wav */,
				DB5204762518C2DB0071A837 /* jump.wav */,
				DB5204802518C9C10071A837 /* gameOver.wav */,
				DBB56FF2254435460030A2E1 /* ho-ho-ho.wav */,
				DB52047D2518C5C80071A837 /* waterSplash.wav */,
				DB8C7177251A1E5D002E254E /* backgroundSong.mp3 */,
			);
			path = Sounds;
			sourceTree = "<group>";
		};
		DB5A60F624DDD8DC001A724F = {
			isa = PBXGroup;
			children = (
				DB5A610124DDD8DC001A724F /* Funny Santa */,
				DB5A610024DDD8DC001A724F /* Products */,
			);
			sourceTree = "<group>";
		};
		DB5A610024DDD8DC001A724F /* Products */ = {
			isa = PBXGroup;
			children = (
				DB5A60FF24DDD8DC001A724F /* Funny Santa.app */,
			);
			name = Products;
			sourceTree = "<group>";
		};
		DB5A610124DDD8DC001A724F /* Funny Santa */ = {
			isa = PBXGroup;
			children = (
				DB5A610224DDD8DC001A724F /* AppDelegate.swift */,
				DB4E24632590C4060072E79E /* GameSceneFiles */,
				DB4E24642590C4300072E79E /* Partical Emitter */,
				DB4E24652590C4520072E79E /* Sounds */,
				DB5A610C24DDD8DC001A724F /* Main.storyboard */,
				DB5A610F24DDD8DE001A724F /* Assets.xcassets */,
				DB5A611124DDD8DE001A724F /* LaunchScreen.storyboard */,
				DB5A611424DDD8DE001A724F /* Info.plist */,
			);
			path = "Funny Santa";
			sourceTree = "<group>";
		};
/* End PBXGroup section */

/* Begin PBXNativeTarget section */
		DB5A60FE24DDD8DC001A724F /* Funny Santa */ = {
			isa = PBXNativeTarget;
			buildConfigurationList = DB5A611724DDD8DE001A724F /* Build configuration list for PBXNativeTarget "Funny Santa" */;
			buildPhases = (
				DB5A60FB24DDD8DC001A724F /* Sources */,
				DB5A60FC24DDD8DC001A724F /* Frameworks */,
				DB5A60FD24DDD8DC001A724F /* Resources */,
			);
			buildRules = (
			);
			dependencies = (
			);
			name = "Funny Santa";
			productName = "Funny Santa";
			productReference = DB5A60FF24DDD8DC001A724F /* Funny Santa.app */;
			productType = "com.apple.product-type.application";
		};
/* End PBXNativeTarget section */

/* Begin PBXProject section */
		DB5A60F724DDD8DC001A724F /* Project object */ = {
			isa = PBXProject;
			attributes = {
				LastSwiftUpdateCheck = 1160;
				LastUpgradeCheck = 1200;
				ORGANIZATIONNAME = "Oleksandr Solokha";
				TargetAttributes = {
					DB5A60FE24DDD8DC001A724F = {
						CreatedOnToolsVersion = 11.6;
					};
				};
			};
			buildConfigurationList = DB5A60FA24DDD8DC001A724F /* Build configuration list for PBXProject "Funny Santa" */;
			compatibilityVersion = "Xcode 9.3";
			developmentRegion = en;
			hasScannedForEncodings = 0;
			knownRegions = (
				en,
				Base,
			);
			mainGroup = DB5A60F624DDD8DC001A724F;
			productRefGroup = DB5A610024DDD8DC001A724F /* Products */;
			projectDirPath = "";
			projectRoot = "";
			targets = (
				DB5A60FE24DDD8DC001A724F /* Funny Santa */,
			);
		};
/* End PBXProject section */

/* Begin PBXResourcesBuildPhase section */
		DB5A60FD24DDD8DC001A724F /* Resources */ = {
			isa = PBXResourcesBuildPhase;
			buildActionMask = 2147483647;
			files = (
				DB5204772518C2DC0071A837 /* jump.wav in Resources */,
				DBB56FF3254435460030A2E1 /* ho-ho-ho.wav in Resources */,
				DB5A610E24DDD8DC001A724F /* Main.storyboard in Resources */,
				DB5204812518C9C10071A837 /* gameOver.wav in Resources */,
				DB8C7178251A1E5D002E254E /* backgroundSong.mp3 in Resources */,
				DB908296250FC874001F1E7F /* WaterSplash.sks in Resources */,
				DB5A612324DDDBE3001A724F /* candy.wav in Resources */,
				DB6E4A2024F57635007E4098 /* SnowSplash.sks in Resources */,
				DB5A611024DDD8DE001A724F /* Assets.xcassets in Resources */,
				DB5A611324DDD8DE001A724F /* LaunchScreen.storyboard in Resources */,
				DB52047E2518C5C80071A837 /* waterSplash.wav in Resources */,
				DB4E24682590C5280072E79E /* GameScene.sks in Resources */,
				DB908298251253F4001F1E7F /* Snowing.sks in Resources */,
			);
			runOnlyForDeploymentPostprocessing = 0;
		};
/* End PBXResourcesBuildPhase section */

/* Begin PBXSourcesBuildPhase section */
		DB5A60FB24DDD8DC001A724F /* Sources */ = {
			isa = PBXSourcesBuildPhase;
			buildActionMask = 2147483647;
			files = (
				DB5A610924DDD8DC001A724F /* GameScene.swift in Sources */,
				DB5A611B24DDD9FD001A724F /* Santa.swift in Sources */,
				DB5A611D24DDDA9B001A724F /* MenuLayer.swift in Sources */,
				DB5A610B24DDD8DC001A724F /* GameViewController.swift in Sources */,
				DB5A610324DDD8DC001A724F /* AppDelegate.swift in Sources */,
			);
			runOnlyForDeploymentPostprocessing = 0;
		};
/* End PBXSourcesBuildPhase section */

/* Begin PBXVariantGroup section */
		DB5A610C24DDD8DC001A724F /* Main.storyboard */ = {
			isa = PBXVariantGroup;
			children = (
				DB5A610D24DDD8DC001A724F /* Base */,
			);
			name = Main.storyboard;
			sourceTree = "<group>";
		};
		DB5A611124DDD8DE001A724F /* LaunchScreen.storyboard */ = {
			isa = PBXVariantGroup;
			children = (
				DB5A611224DDD8DE001A724F /* Base */,
			);
			name = LaunchScreen.storyboard;
			sourceTree = "<group>";
		};
/* End PBXVariantGroup section */

/* Begin XCBuildConfiguration section */
		DB5A611524DDD8DE001A724F /* Debug */ = {
			isa = XCBuildConfiguration;
			buildSettings = {
				ALWAYS_SEARCH_USER_PATHS = NO;
				CLANG_ANALYZER_NONNULL = YES;
				CLANG_ANALYZER_NUMBER_OBJECT_CONVERSION = YES_AGGRESSIVE;
				CLANG_CXX_LANGUAGE_STANDARD = "gnu++14";
				CLANG_CXX_LIBRARY = "libc++";
				CLANG_ENABLE_MODULES = YES;
				CLANG_ENABLE_OBJC_ARC = YES;
				CLANG_ENABLE_OBJC_WEAK = YES;
				CLANG_WARN_BLOCK_CAPTURE_AUTORELEASING = YES;
				CLANG_WARN_BOOL_CONVERSION = YES;
				CLANG_WARN_COMMA = YES;
				CLANG_WARN_CONSTANT_CONVERSION = YES;
				CLANG_WARN_DEPRECATED_OBJC_IMPLEMENTATIONS = YES;
				CLANG_WARN_DIRECT_OBJC_ISA_USAGE = YES_ERROR;
				CLANG_WARN_DOCUMENTATION_COMMENTS = YES;
				CLANG_WARN_EMPTY_BODY = YES;
				CLANG_WARN_ENUM_CONVERSION = YES;
				CLANG_WARN_INFINITE_RECURSION = YES;
				CLANG_WARN_INT_CONVERSION = YES;
				CLANG_WARN_NON_LITERAL_NULL_CONVERSION = YES;
				CLANG_WARN_OBJC_IMPLICIT_RETAIN_SELF = YES;
				CLANG_WARN_OBJC_LITERAL_CONVERSION = YES;
				CLANG_WARN_OBJC_ROOT_CLASS = YES_ERROR;
				CLANG_WARN_QUOTED_INCLUDE_IN_FRAMEWORK_HEADER = YES;
				CLANG_WARN_RANGE_LOOP_ANALYSIS = YES;
				CLANG_WARN_STRICT_PROTOTYPES = YES;
				CLANG_WARN_SUSPICIOUS_MOVE = YES;
				CLANG_WARN_UNGUARDED_AVAILABILITY = YES_AGGRESSIVE;
				CLANG_WARN_UNREACHABLE_CODE = YES;
				CLANG_WARN__DUPLICATE_METHOD_MATCH = YES;
				COPY_PHASE_STRIP = NO;
				DEBUG_INFORMATION_FORMAT = dwarf;
				ENABLE_STRICT_OBJC_MSGSEND = YES;
				ENABLE_TESTABILITY = YES;
				GCC_C_LANGUAGE_STANDARD = gnu11;
				GCC_DYNAMIC_NO_PIC = NO;
				GCC_NO_COMMON_BLOCKS = YES;
				GCC_OPTIMIZATION_LEVEL = 0;
				GCC_PREPROCESSOR_DEFINITIONS = (
					"DEBUG=1",
					"$(inherited)",
				);
				GCC_WARN_64_TO_32_BIT_CONVERSION = YES;
				GCC_WARN_ABOUT_RETURN_TYPE = YES_ERROR;
				GCC_WARN_UNDECLARED_SELECTOR = YES;
				GCC_WARN_UNINITIALIZED_AUTOS = YES_AGGRESSIVE;
				GCC_WARN_UNUSED_FUNCTION = YES;
				GCC_WARN_UNUSED_VARIABLE = YES;
				IPHONEOS_DEPLOYMENT_TARGET = 14.0;
				MTL_ENABLE_DEBUG_INFO = INCLUDE_SOURCE;
				MTL_FAST_MATH = YES;
				ONLY_ACTIVE_ARCH = YES;
				SDKROOT = iphoneos;
				SWIFT_ACTIVE_COMPILATION_CONDITIONS = DEBUG;
				SWIFT_OPTIMIZATION_LEVEL = "-Onone";
			};
			name = Debug;
		};
		DB5A611624DDD8DE001A724F /* Release */ = {
			isa = XCBuildConfiguration;
			buildSettings = {
				ALWAYS_SEARCH_USER_PATHS = NO;
				CLANG_ANALYZER_NONNULL = YES;
				CLANG_ANALYZER_NUMBER_OBJECT_CONVERSION = YES_AGGRESSIVE;
				CLANG_CXX_LANGUAGE_STANDARD = "gnu++14";
				CLANG_CXX_LIBRARY = "libc++";
				CLANG_ENABLE_MODULES = YES;
				CLANG_ENABLE_OBJC_ARC = YES;
				CLANG_ENABLE_OBJC_WEAK = YES;
				CLANG_WARN_BLOCK_CAPTURE_AUTORELEASING = YES;
				CLANG_WARN_BOOL_CONVERSION = YES;
				CLANG_WARN_COMMA = YES;
				CLANG_WARN_CONSTANT_CONVERSION = YES;
				CLANG_WARN_DEPRECATED_OBJC_IMPLEMENTATIONS = YES;
				CLANG_WARN_DIRECT_OBJC_ISA_USAGE = YES_ERROR;
				CLANG_WARN_DOCUMENTATION_COMMENTS = YES;
				CLANG_WARN_EMPTY_BODY = YES;
				CLANG_WARN_ENUM_CONVERSION = YES;
				CLANG_WARN_INFINITE_RECURSION = YES;
				CLANG_WARN_INT_CONVERSION = YES;
				CLANG_WARN_NON_LITERAL_NULL_CONVERSION = YES;
				CLANG_WARN_OBJC_IMPLICIT_RETAIN_SELF = YES;
				CLANG_WARN_OBJC_LITERAL_CONVERSION = YES;
				CLANG_WARN_OBJC_ROOT_CLASS = YES_ERROR;
				CLANG_WARN_QUOTED_INCLUDE_IN_FRAMEWORK_HEADER = YES;
				CLANG_WARN_RANGE_LOOP_ANALYSIS = YES;
				CLANG_WARN_STRICT_PROTOTYPES = YES;
				CLANG_WARN_SUSPICIOUS_MOVE = YES;
				CLANG_WARN_UNGUARDED_AVAILABILITY = YES_AGGRESSIVE;
				CLANG_WARN_UNREACHABLE_CODE = YES;
				CLANG_WARN__DUPLICATE_METHOD_MATCH = YES;
				COPY_PHASE_STRIP = NO;
				DEBUG_INFORMATION_FORMAT = "dwarf-with-dsym";
				ENABLE_NS_ASSERTIONS = NO;
				ENABLE_STRICT_OBJC_MSGSEND = YES;
				GCC_C_LANGUAGE_STANDARD = gnu11;
				GCC_NO_COMMON_BLOCKS = YES;
				GCC_WARN_64_TO_32_BIT_CONVERSION = YES;
				GCC_WARN_ABOUT_RETURN_TYPE = YES_ERROR;
				GCC_WARN_UNDECLARED_SELECTOR = YES;
				GCC_WARN_UNINITIALIZED_AUTOS = YES_AGGRESSIVE;
				GCC_WARN_UNUSED_FUNCTION = YES;
				GCC_WARN_UNUSED_VARIABLE = YES;
				IPHONEOS_DEPLOYMENT_TARGET = 14.0;
				MTL_ENABLE_DEBUG_INFO = NO;
				MTL_FAST_MATH = YES;
				SDKROOT = iphoneos;
				SWIFT_COMPILATION_MODE = wholemodule;
				SWIFT_OPTIMIZATION_LEVEL = "-O";
				VALIDATE_PRODUCT = YES;
			};
			name = Release;
		};
		DB5A611824DDD8DE001A724F /* Debug */ = {
			isa = XCBuildConfiguration;
			buildSettings = {
				ASSETCATALOG_COMPILER_APPICON_NAME = AppIcon;
				CODE_SIGN_STYLE = Automatic;
				DEVELOPMENT_TEAM = X8NNCQ3HW6;
				INFOPLIST_FILE = "Funny Santa/Info.plist";
				IPHONEOS_DEPLOYMENT_TARGET = 14.0;
				LD_RUNPATH_SEARCH_PATHS = (
					"$(inherited)",
					"@executable_path/Frameworks",
				);
				PRODUCT_BUNDLE_IDENTIFIER = "Oleksandr-Solokha.Funny-Santa";
				PRODUCT_NAME = "$(TARGET_NAME)";
				SWIFT_VERSION = 5.0;
				TARGETED_DEVICE_FAMILY = 1;
			};
			name = Debug;
		};
		DB5A611924DDD8DE001A724F /* Release */ = {
			isa = XCBuildConfiguration;
			buildSettings = {
				ASSETCATALOG_COMPILER_APPICON_NAME = AppIcon;
				CODE_SIGN_IDENTITY = "iPhone Developer";
				CODE_SIGN_STYLE = Automatic;
				DEVELOPMENT_TEAM = X8NNCQ3HW6;
				INFOPLIST_FILE = "Funny Santa/Info.plist";
				IPHONEOS_DEPLOYMENT_TARGET = 14.0;
				LD_RUNPATH_SEARCH_PATHS = (
					"$(inherited)",
					"@executable_path/Frameworks",
				);
				PRODUCT_BUNDLE_IDENTIFIER = "Oleksandr-Solokha.Funny-Santa";
				PRODUCT_NAME = "$(TARGET_NAME)";
				SWIFT_VERSION = 5.0;
				TARGETED_DEVICE_FAMILY = 1;
			};
			name = Release;
		};
/* End XCBuildConfiguration section */

/* Begin XCConfigurationList section */
		DB5A60FA24DDD8DC001A724F /* Build configuration list for PBXProject "Funny Santa" */ = {
			isa = XCConfigurationList;
			buildConfigurations = (
				DB5A611524DDD8DE001A724F /* Debug */,
				DB5A611624DDD8DE001A724F /* Release */,
			);
			defaultConfigurationIsVisible = 0;
			defaultConfigurationName = Release;
		};
		DB5A611724DDD8DE001A724F /* Build configuration list for PBXNativeTarget "Funny Santa" */ = {
			isa = XCConfigurationList;
			buildConfigurations = (
				DB5A611824DDD8DE001A724F /* Debug */,
				DB5A611924DDD8DE001A724F /* Release */,
			);
			defaultConfigurationIsVisible = 0;
			defaultConfigurationName = Release;
		};
/* End XCConfigurationList section */
	};
	rootObject = DB5A60F724DDD8DC001A724F /* Project object */;
}
