// !$*UTF8*$!
{
	archiveVersion = 1;
	classes = {
	};
	objectVersion = 50;
	objects = {

/* Begin PBXBuildFile section */
		DB3AD9AE2668856E00ED63F3 /* Assets.xcassets in Resources */ = {isa = PBXBuildFile; fileRef = DB3AD9AD2668856E00ED63F3 /* Assets.xcassets */; };
		DB4E24682590C5280072E79E /* GameScene.sks in Resources */ = {isa = PBXBuildFile; fileRef = DB4E24672590C5280072E79E /* GameScene.sks */; };
		DB5204772518C2DC0071A837 /* jump.wav in Resources */ = {isa = PBXBuildFile; fileRef = DB5204762518C2DB0071A837 /* jump.wav */; };
		DB52047E2518C5C80071A837 /* waterSplash.wav in Resources */ = {isa = PBXBuildFile; fileRef = DB52047D2518C5C80071A837 /* waterSplash.wav */; };
		DB5204812518C9C10071A837 /* gameOver.wav in Resources */ = {isa = PBXBuildFile; fileRef = DB5204802518C9C10071A837 /* gameOver.wav */; };
		DB5A610324DDD8DC001A724F /* AppDelegate.swift in Sources */ = {isa = PBXBuildFile; fileRef = DB5A610224DDD8DC001A724F /* AppDelegate.swift */; };
		DB5A610924DDD8DC001A724F /* GameScene.swift in Sources */ = {isa = PBXBuildFile; fileRef = DB5A610824DDD8DC001A724F /* GameScene.swift */; };
		DB5A610B24DDD8DC001A724F /* GameViewController.swift in Sources */ = {isa = PBXBuildFile; fileRef = DB5A610A24DDD8DC001A724F /* GameViewController.swift */; };
		DB5A610E24DDD8DC001A724F /* Main.storyboard in Resources */ = {isa = PBXBuildFile; fileRef = DB5A610C24DDD8DC001A724F /* Main.storyboard */; };
		DB5A611324DDD8DE001A724F /* LaunchScreen.storyboard in Resources */ = {isa = PBXBuildFile; fileRef = DB5A611124DDD8DE001A724F /* LaunchScreen.storyboard */; };
		DB5A611B24DDD9FD001A724F /* Santa.swift in Sources */ = {isa = PBXBuildFile; fileRef = DB5A611A24DDD9FD001A724F /* Santa.swift */; };
		DB5A611D24DDDA9B001A724F /* MenuLayer.swift in Sources */ = {isa = PBXBuildFile; fileRef = DB5A611C24DDDA9B001A724F /* MenuLayer.swift */; };
		DB5A612324DDDBE3001A724F /* candy.wav in Resources */ = {isa = PBXBuildFile; fileRef = DB5A612124DDDBE3001A724F /* candy.wav */; };
		DB6E4A2024F57635007E4098 /* SnowSplash.sks in Resources */ = {isa = PBXBuildFile; fileRef = DB6E4A1F24F57635007E4098 /* SnowSplash.sks */; };
		DB75659A265ECD2900F48A4F /* String+Localized.swift in Sources */ = {isa = PBXBuildFile; fileRef = DB756599265ECD2900F48A4F /* String+Localized.swift */; };
		DB75659D265ECD4900F48A4F /* Localizable.strings in Resources */ = {isa = PBXBuildFile; fileRef = DB75659F265ECD4900F48A4F /* Localizable.strings */; };
		DB7565A7266154BE00F48A4F /* String+Localized.swift in Sources */ = {isa = PBXBuildFile; fileRef = DB756599265ECD2900F48A4F /* String+Localized.swift */; };
		DB7565A8266154BE00F48A4F /* GameScene.swift in Sources */ = {isa = PBXBuildFile; fileRef = DB5A610824DDD8DC001A724F /* GameScene.swift */; };
		DB7565A9266154BE00F48A4F /* Santa.swift in Sources */ = {isa = PBXBuildFile; fileRef = DB5A611A24DDD9FD001A724F /* Santa.swift */; };
		DB7565AA266154BE00F48A4F /* MenuLayer.swift in Sources */ = {isa = PBXBuildFile; fileRef = DB5A611C24DDDA9B001A724F /* MenuLayer.swift */; };
		DB7565AB266154BE00F48A4F /* GameViewController.swift in Sources */ = {isa = PBXBuildFile; fileRef = DB5A610A24DDD8DC001A724F /* GameViewController.swift */; };
		DB7565AC266154BE00F48A4F /* AppDelegate.swift in Sources */ = {isa = PBXBuildFile; fileRef = DB5A610224DDD8DC001A724F /* AppDelegate.swift */; };
		DB7565AF266154BE00F48A4F /* jump.wav in Resources */ = {isa = PBXBuildFile; fileRef = DB5204762518C2DB0071A837 /* jump.wav */; };
		DB7565B0266154BE00F48A4F /* ho-ho-ho.wav in Resources */ = {isa = PBXBuildFile; fileRef = DBB56FF2254435460030A2E1 /* ho-ho-ho.wav */; };
		DB7565B1266154BE00F48A4F /* Main.storyboard in Resources */ = {isa = PBXBuildFile; fileRef = DB5A610C24DDD8DC001A724F /* Main.storyboard */; };
		DB7565B2266154BE00F48A4F /* Localizable.strings in Resources */ = {isa = PBXBuildFile; fileRef = DB75659F265ECD4900F48A4F /* Localizable.strings */; };
		DB7565B3266154BE00F48A4F /* gameOver.wav in Resources */ = {isa = PBXBuildFile; fileRef = DB5204802518C9C10071A837 /* gameOver.wav */; };
		DB7565B4266154BE00F48A4F /* backgroundSong.mp3 in Resources */ = {isa = PBXBuildFile; fileRef = DB8C7177251A1E5D002E254E /* backgroundSong.mp3 */; };
		DB7565B5266154BE00F48A4F /* WaterSplash.sks in Resources */ = {isa = PBXBuildFile; fileRef = DB908295250FC874001F1E7F /* WaterSplash.sks */; };
		DB7565B6266154BE00F48A4F /* candy.wav in Resources */ = {isa = PBXBuildFile; fileRef = DB5A612124DDDBE3001A724F /* candy.wav */; };
		DB7565B7266154BE00F48A4F /* SnowSplash.sks in Resources */ = {isa = PBXBuildFile; fileRef = DB6E4A1F24F57635007E4098 /* SnowSplash.sks */; };
		DB7565B9266154BE00F48A4F /* LaunchScreen.storyboard in Resources */ = {isa = PBXBuildFile; fileRef = DB5A611124DDD8DE001A724F /* LaunchScreen.storyboard */; };
		DB7565BA266154BE00F48A4F /* waterSplash.wav in Resources */ = {isa = PBXBuildFile; fileRef = DB52047D2518C5C80071A837 /* waterSplash.wav */; };
		DB7565BB266154BE00F48A4F /* GameScene.sks in Resources */ = {isa = PBXBuildFile; fileRef = DB4E24672590C5280072E79E /* GameScene.sks */; };
		DB7565BC266154BE00F48A4F /* Snowing.sks in Resources */ = {isa = PBXBuildFile; fileRef = DB908297251253F4001F1E7F /* Snowing.sks */; };
		DB8C7178251A1E5D002E254E /* backgroundSong.mp3 in Resources */ = {isa = PBXBuildFile; fileRef = DB8C7177251A1E5D002E254E /* backgroundSong.mp3 */; };
		DB908296250FC874001F1E7F /* WaterSplash.sks in Resources */ = {isa = PBXBuildFile; fileRef = DB908295250FC874001F1E7F /* WaterSplash.sks */; };
		DB908298251253F4001F1E7F /* Snowing.sks in Resources */ = {isa = PBXBuildFile; fileRef = DB908297251253F4001F1E7F /* Snowing.sks */; };
		DBB56FF3254435460030A2E1 /* ho-ho-ho.wav in Resources */ = {isa = PBXBuildFile; fileRef = DBB56FF2254435460030A2E1 /* ho-ho-ho.wav */; };
		DBEBFC3125DC0EB0006725EC /* Funny_SantaUITests.swift in Sources */ = {isa = PBXBuildFile; fileRef = DBEBFC3025DC0EB0006725EC /* Funny_SantaUITests.swift */; };
		DBEBFC4125DC0F9B006725EC /* Funny_SantaTests.swift in Sources */ = {isa = PBXBuildFile; fileRef = DBEBFC4025DC0F9B006725EC /* Funny_SantaTests.swift */; };
/* End PBXBuildFile section */

/* Begin PBXContainerItemProxy section */
		DBEBFC3325DC0EB0006725EC /* PBXContainerItemProxy */ = {
			isa = PBXContainerItemProxy;
			containerPortal = DB5A60F724DDD8DC001A724F /* Project object */;
			proxyType = 1;
			remoteGlobalIDString = DB5A60FE24DDD8DC001A724F;
			remoteInfo = "Funny Santa";
		};
		DBEBFC4325DC0F9B006725EC /* PBXContainerItemProxy */ = {
			isa = PBXContainerItemProxy;
			containerPortal = DB5A60F724DDD8DC001A724F /* Project object */;
			proxyType = 1;
			remoteGlobalIDString = DB5A60FE24DDD8DC001A724F;
			remoteInfo = "Funny Santa";
		};
/* End PBXContainerItemProxy section */

/* Begin PBXFileReference section */
		DB3AD9AD2668856E00ED63F3 /* Assets.xcassets */ = {isa = PBXFileReference; lastKnownFileType = folder.assetcatalog; path = Assets.xcassets; sourceTree = "<group>"; };
		DB4E24672590C5280072E79E /* GameScene.sks */ = {isa = PBXFileReference; lastKnownFileType = file.sks; path = GameScene.sks; sourceTree = "<group>"; };
		DB5204762518C2DB0071A837 /* jump.wav */ = {isa = PBXFileReference; lastKnownFileType = audio.wav; path = jump.wav; sourceTree = "<group>"; };
		DB52047D2518C5C80071A837 /* waterSplash.wav */ = {isa = PBXFileReference; lastKnownFileType = audio.wav; path = waterSplash.wav; sourceTree = "<group>"; };
		DB5204802518C9C10071A837 /* gameOver.wav */ = {isa = PBXFileReference; lastKnownFileType = audio.wav; path = gameOver.wav; sourceTree = "<group>"; };
		DB5A60FF24DDD8DC001A724F /* Funny Santa.app */ = {isa = PBXFileReference; explicitFileType = wrapper.application; includeInIndex = 0; path = "Funny Santa.app"; sourceTree = BUILT_PRODUCTS_DIR; };
		DB5A610224DDD8DC001A724F /* AppDelegate.swift */ = {isa = PBXFileReference; lastKnownFileType = sourcecode.swift; path = AppDelegate.swift; sourceTree = "<group>"; };
		DB5A610824DDD8DC001A724F /* GameScene.swift */ = {isa = PBXFileReference; lastKnownFileType = sourcecode.swift; path = GameScene.swift; sourceTree = "<group>"; };
		DB5A610A24DDD8DC001A724F /* GameViewController.swift */ = {isa = PBXFileReference; lastKnownFileType = sourcecode.swift; path = GameViewController.swift; sourceTree = "<group>"; };
		DB5A610D24DDD8DC001A724F /* Base */ = {isa = PBXFileReference; lastKnownFileType = file.storyboard; name = Base; path = Base.lproj/Main.storyboard; sourceTree = "<group>"; };
		DB5A611224DDD8DE001A724F /* Base */ = {isa = PBXFileReference; lastKnownFileType = file.storyboard; name = Base; path = Base.lproj/LaunchScreen.storyboard; sourceTree = "<group>"; };
		DB5A611424DDD8DE001A724F /* Info.plist */ = {isa = PBXFileReference; lastKnownFileType = text.plist.xml; path = Info.plist; sourceTree = "<group>"; };
		DB5A611A24DDD9FD001A724F /* Santa.swift */ = {isa = PBXFileReference; lastKnownFileType = sourcecode.swift; path = Santa.swift; sourceTree = "<group>"; };
		DB5A611C24DDDA9B001A724F /* MenuLayer.swift */ = {isa = PBXFileReference; lastKnownFileType = sourcecode.swift; path = MenuLayer.swift; sourceTree = "<group>"; };
		DB5A612124DDDBE3001A724F /* candy.wav */ = {isa = PBXFileReference; lastKnownFileType = audio.wav; path = candy.wav; sourceTree = "<group>"; };
		DB6E4A1F24F57635007E4098 /* SnowSplash.sks */ = {isa = PBXFileReference; lastKnownFileType = file.sks; path = SnowSplash.sks; sourceTree = "<group>"; };
		DB756599265ECD2900F48A4F /* String+Localized.swift */ = {isa = PBXFileReference; fileEncoding = 4; lastKnownFileType = sourcecode.swift; path = "String+Localized.swift"; sourceTree = "<group>"; };
		DB75659E265ECD4900F48A4F /* en */ = {isa = PBXFileReference; lastKnownFileType = text.plist.strings; name = en; path = en.lproj/Localizable.strings; sourceTree = "<group>"; };
		DB7565A02660102800F48A4F /* fi-FI */ = {isa = PBXFileReference; lastKnownFileType = text.plist.strings; name = "fi-FI"; path = "fi-FI.lproj/Main.strings"; sourceTree = "<group>"; };
		DB7565A12660102800F48A4F /* fi-FI */ = {isa = PBXFileReference; lastKnownFileType = text.plist.strings; name = "fi-FI"; path = "fi-FI.lproj/LaunchScreen.strings"; sourceTree = "<group>"; };
		DB7565A22660102800F48A4F /* fi-FI */ = {isa = PBXFileReference; lastKnownFileType = text.plist.strings; name = "fi-FI"; path = "fi-FI.lproj/Localizable.strings"; sourceTree = "<group>"; };
		DB7565A4266141D100F48A4F /* en */ = {isa = PBXFileReference; lastKnownFileType = text.plist.strings; name = en; path = en.lproj/LaunchScreen.strings; sourceTree = "<group>"; };
		DB7565C0266154BE00F48A4F /* Funny Santa-iPad.app */ = {isa = PBXFileReference; explicitFileType = wrapper.application; includeInIndex = 0; path = "Funny Santa-iPad.app"; sourceTree = BUILT_PRODUCTS_DIR; };
		DB7565C2266154BE00F48A4F /* Funny Santa copy-Info.plist */ = {isa = PBXFileReference; lastKnownFileType = text.plist.xml; name = "Funny Santa copy-Info.plist"; path = "/Users/oleksandrsolokha/Desktop/Swift/Funny-Santa/Funny Santa copy-Info.plist"; sourceTree = "<absolute>"; };
		DB8C7177251A1E5D002E254E /* backgroundSong.mp3 */ = {isa = PBXFileReference; lastKnownFileType = audio.mp3; path = backgroundSong.mp3; sourceTree = "<group>"; };
		DB908295250FC874001F1E7F /* WaterSplash.sks */ = {isa = PBXFileReference; lastKnownFileType = file.sks; path = WaterSplash.sks; sourceTree = "<group>"; };
		DB908297251253F4001F1E7F /* Snowing.sks */ = {isa = PBXFileReference; lastKnownFileType = file.sks; path = Snowing.sks; sourceTree = "<group>"; };
		DBB56FF2254435460030A2E1 /* ho-ho-ho.wav */ = {isa = PBXFileReference; lastKnownFileType = audio.wav; path = "ho-ho-ho.wav"; sourceTree = "<group>"; };
		DBEBFC2E25DC0EAF006725EC /* Funny SantaUITests.xctest */ = {isa = PBXFileReference; explicitFileType = wrapper.cfbundle; includeInIndex = 0; path = "Funny SantaUITests.xctest"; sourceTree = BUILT_PRODUCTS_DIR; };
		DBEBFC3025DC0EB0006725EC /* Funny_SantaUITests.swift */ = {isa = PBXFileReference; lastKnownFileType = sourcecode.swift; path = Funny_SantaUITests.swift; sourceTree = "<group>"; };
		DBEBFC3225DC0EB0006725EC /* Info.plist */ = {isa = PBXFileReference; lastKnownFileType = text.plist.xml; path = Info.plist; sourceTree = "<group>"; };
		DBEBFC3E25DC0F9B006725EC /* Funny SantaTests.xctest */ = {isa = PBXFileReference; explicitFileType = wrapper.cfbundle; includeInIndex = 0; path = "Funny SantaTests.xctest"; sourceTree = BUILT_PRODUCTS_DIR; };
		DBEBFC4025DC0F9B006725EC /* Funny_SantaTests.swift */ = {isa = PBXFileReference; lastKnownFileType = sourcecode.swift; path = Funny_SantaTests.swift; sourceTree = "<group>"; };
		DBEBFC4225DC0F9B006725EC /* Info.plist */ = {isa = PBXFileReference; lastKnownFileType = text.plist.xml; path = Info.plist; sourceTree = "<group>"; };
/* End PBXFileReference section */

/* Begin PBXFrameworksBuildPhase section */
		DB5A60FC24DDD8DC001A724F /* Frameworks */ = {
			isa = PBXFrameworksBuildPhase;
			buildActionMask = 2147483647;
			files = (
			);
			runOnlyForDeploymentPostprocessing = 0;
		};
		DB7565AD266154BE00F48A4F /* Frameworks */ = {
			isa = PBXFrameworksBuildPhase;
			buildActionMask = 2147483647;
			files = (
			);
			runOnlyForDeploymentPostprocessing = 0;
		};
		DBEBFC2B25DC0EAF006725EC /* Frameworks */ = {
			isa = PBXFrameworksBuildPhase;
			buildActionMask = 2147483647;
			files = (
			);
			runOnlyForDeploymentPostprocessing = 0;
		};
		DBEBFC3B25DC0F9B006725EC /* Frameworks */ = {
			isa = PBXFrameworksBuildPhase;
			buildActionMask = 2147483647;
			files = (
			);
			runOnlyForDeploymentPostprocessing = 0;
		};
/* End PBXFrameworksBuildPhase section */

/* Begin PBXGroup section */
		DB4E24632590C4060072E79E /* GameSceneFiles */ = {
			isa = PBXGroup;
			children = (
				DB4E24672590C5280072E79E /* GameScene.sks */,
				DB5A610824DDD8DC001A724F /* GameScene.swift */,
				DB5A611C24DDDA9B001A724F /* MenuLayer.swift */,
				DB5A611A24DDD9FD001A724F /* Santa.swift */,
				DB5A610A24DDD8DC001A724F /* GameViewController.swift */,
			);
			path = GameSceneFiles;
			sourceTree = "<group>";
		};
		DB4E24642590C4300072E79E /* Partical Emitter */ = {
			isa = PBXGroup;
			children = (
				DB6E4A1F24F57635007E4098 /* SnowSplash.sks */,
				DB908295250FC874001F1E7F /* WaterSplash.sks */,
				DB908297251253F4001F1E7F /* Snowing.sks */,
			);
			path = "Partical Emitter";
			sourceTree = "<group>";
		};
		DB4E24652590C4520072E79E /* Sounds */ = {
			isa = PBXGroup;
			children = (
				DB5A612124DDDBE3001A724F /* candy.wav */,
				DB5204762518C2DB0071A837 /* jump.wav */,
				DB5204802518C9C10071A837 /* gameOver.wav */,
				DBB56FF2254435460030A2E1 /* ho-ho-ho.wav */,
				DB52047D2518C5C80071A837 /* waterSplash.wav */,
				DB8C7177251A1E5D002E254E /* backgroundSong.mp3 */,
				DB756594265ECCBA00F48A4F /* Localization */,
			);
			path = Sounds;
			sourceTree = "<group>";
		};
		DB5A60F624DDD8DC001A724F = {
			isa = PBXGroup;
			children = (
				DB7565C1266154BE00F48A4F /* Resources-iPad */,
				DB5A610124DDD8DC001A724F /* Funny Santa */,
				DBEBFC2F25DC0EB0006725EC /* Funny SantaUITests */,
				DBEBFC3F25DC0F9B006725EC /* Funny SantaTests */,
				DB5A610024DDD8DC001A724F /* Products */,
				DB7565C2266154BE00F48A4F /* Funny Santa copy-Info.plist */,
			);
			sourceTree = "<group>";
		};
		DB5A610024DDD8DC001A724F /* Products */ = {
			isa = PBXGroup;
			children = (
				DB5A60FF24DDD8DC001A724F /* Funny Santa.app */,
				DBEBFC2E25DC0EAF006725EC /* Funny SantaUITests.xctest */,
				DBEBFC3E25DC0F9B006725EC /* Funny SantaTests.xctest */,
				DB7565C0266154BE00F48A4F /* Funny Santa-iPad.app */,
			);
			name = Products;
			sourceTree = "<group>";
		};
		DB5A610124DDD8DC001A724F /* Funny Santa */ = {
			isa = PBXGroup;
			children = (
				DB5A610224DDD8DC001A724F /* AppDelegate.swift */,
				DB4E24632590C4060072E79E /* GameSceneFiles */,
				DB4E24642590C4300072E79E /* Partical Emitter */,
				DB4E24652590C4520072E79E /* Sounds */,
				DB3AD9AD2668856E00ED63F3 /* Assets.xcassets */,
				DB5A610C24DDD8DC001A724F /* Main.storyboard */,
				DB5A611124DDD8DE001A724F /* LaunchScreen.storyboard */,
				DB5A611424DDD8DE001A724F /* Info.plist */,
			);
			path = "Funny Santa";
			sourceTree = "<group>";
		};
		DB756594265ECCBA00F48A4F /* Localization */ = {
			isa = PBXGroup;
			children = (
				DB756599265ECD2900F48A4F /* String+Localized.swift */,
				DB75659F265ECD4900F48A4F /* Localizable.strings */,
			);
			path = Localization;
			sourceTree = "<group>";
		};
		DB7565C1266154BE00F48A4F /* Resources-iPad */ = {
			isa = PBXGroup;
			children = (
			);
			name = "Resources-iPad";
			sourceTree = "<group>";
		};
		DBEBFC2F25DC0EB0006725EC /* Funny SantaUITests */ = {
			isa = PBXGroup;
			children = (
				DBEBFC3025DC0EB0006725EC /* Funny_SantaUITests.swift */,
				DBEBFC3225DC0EB0006725EC /* Info.plist */,
			);
			path = "Funny SantaUITests";
			sourceTree = "<group>";
		};
		DBEBFC3F25DC0F9B006725EC /* Funny SantaTests */ = {
			isa = PBXGroup;
			children = (
				DBEBFC4025DC0F9B006725EC /* Funny_SantaTests.swift */,
				DBEBFC4225DC0F9B006725EC /* Info.plist */,
			);
			path = "Funny SantaTests";
			sourceTree = "<group>";
		};
/* End PBXGroup section */

/* Begin PBXNativeTarget section */
		DB5A60FE24DDD8DC001A724F /* Funny Santa */ = {
			isa = PBXNativeTarget;
			buildConfigurationList = DB5A611724DDD8DE001A724F /* Build configuration list for PBXNativeTarget "Funny Santa" */;
			buildPhases = (
				DB5A60FB24DDD8DC001A724F /* Sources */,
				DB5A60FC24DDD8DC001A724F /* Frameworks */,
				DB5A60FD24DDD8DC001A724F /* Resources */,
			);
			buildRules = (
			);
			dependencies = (
			);
			name = "Funny Santa";
			productName = "Funny Santa";
			productReference = DB5A60FF24DDD8DC001A724F /* Funny Santa.app */;
			productType = "com.apple.product-type.application";
		};
		DB7565A5266154BE00F48A4F /* Funny Santa-iPad */ = {
			isa = PBXNativeTarget;
			buildConfigurationList = DB7565BD266154BE00F48A4F /* Build configuration list for PBXNativeTarget "Funny Santa-iPad" */;
			buildPhases = (
				DB7565A6266154BE00F48A4F /* Sources */,
				DB7565AD266154BE00F48A4F /* Frameworks */,
				DB7565AE266154BE00F48A4F /* Resources */,
			);
			buildRules = (
			);
			dependencies = (
			);
			name = "Funny Santa-iPad";
			productName = "Funny Santa";
			productReference = DB7565C0266154BE00F48A4F /* Funny Santa-iPad.app */;
			productType = "com.apple.product-type.application";
		};
		DBEBFC2D25DC0EAF006725EC /* Funny SantaUITests */ = {
			isa = PBXNativeTarget;
			buildConfigurationList = DBEBFC3525DC0EB0006725EC /* Build configuration list for PBXNativeTarget "Funny SantaUITests" */;
			buildPhases = (
				DBEBFC2A25DC0EAF006725EC /* Sources */,
				DBEBFC2B25DC0EAF006725EC /* Frameworks */,
				DBEBFC2C25DC0EAF006725EC /* Resources */,
			);
			buildRules = (
			);
			dependencies = (
				DBEBFC3425DC0EB0006725EC /* PBXTargetDependency */,
			);
			name = "Funny SantaUITests";
			productName = "Funny SantaUITests";
			productReference = DBEBFC2E25DC0EAF006725EC /* Funny SantaUITests.xctest */;
			productType = "com.apple.product-type.bundle.ui-testing";
		};
		DBEBFC3D25DC0F9B006725EC /* Funny SantaTests */ = {
			isa = PBXNativeTarget;
			buildConfigurationList = DBEBFC4525DC0F9B006725EC /* Build configuration list for PBXNativeTarget "Funny SantaTests" */;
			buildPhases = (
				DBEBFC3A25DC0F9B006725EC /* Sources */,
				DBEBFC3B25DC0F9B006725EC /* Frameworks */,
				DBEBFC3C25DC0F9B006725EC /* Resources */,
			);
			buildRules = (
			);
			dependencies = (
				DBEBFC4425DC0F9B006725EC /* PBXTargetDependency */,
			);
			name = "Funny SantaTests";
			productName = "Funny SantaTests";
			productReference = DBEBFC3E25DC0F9B006725EC /* Funny SantaTests.xctest */;
			productType = "com.apple.product-type.bundle.unit-test";
		};
/* End PBXNativeTarget section */

/* Begin PBXProject section */
		DB5A60F724DDD8DC001A724F /* Project object */ = {
			isa = PBXProject;
			attributes = {
				LastSwiftUpdateCheck = 1240;
				LastUpgradeCheck = 1200;
				ORGANIZATIONNAME = "Oleksandr Solokha";
				TargetAttributes = {
					DB5A60FE24DDD8DC001A724F = {
						CreatedOnToolsVersion = 11.6;
					};
					DBEBFC2D25DC0EAF006725EC = {
						CreatedOnToolsVersion = 12.4;
						TestTargetID = DB5A60FE24DDD8DC001A724F;
					};
					DBEBFC3D25DC0F9B006725EC = {
						CreatedOnToolsVersion = 12.4;
						TestTargetID = DB5A60FE24DDD8DC001A724F;
					};
				};
			};
			buildConfigurationList = DB5A60FA24DDD8DC001A724F /* Build configuration list for PBXProject "Funny Santa" */;
			compatibilityVersion = "Xcode 9.3";
			developmentRegion = en;
			hasScannedForEncodings = 0;
			knownRegions = (
				en,
				Base,
				"fi-FI",
			);
			mainGroup = DB5A60F624DDD8DC001A724F;
			productRefGroup = DB5A610024DDD8DC001A724F /* Products */;
			projectDirPath = "";
			projectRoot = "";
			targets = (
				DB5A60FE24DDD8DC001A724F /* Funny Santa */,
				DBEBFC2D25DC0EAF006725EC /* Funny SantaUITests */,
				DBEBFC3D25DC0F9B006725EC /* Funny SantaTests */,
				DB7565A5266154BE00F48A4F /* Funny Santa-iPad */,
			);
		};
/* End PBXProject section */

/* Begin PBXResourcesBuildPhase section */
		DB5A60FD24DDD8DC001A724F /* Resources */ = {
			isa = PBXResourcesBuildPhase;
			buildActionMask = 2147483647;
			files = (
				DB5204772518C2DC0071A837 /* jump.wav in Resources */,
				DBB56FF3254435460030A2E1 /* ho-ho-ho.wav in Resources */,
				DB5A610E24DDD8DC001A724F /* Main.storyboard in Resources */,
				DB75659D265ECD4900F48A4F /* Localizable.strings in Resources */,
				DB3AD9AE2668856E00ED63F3 /* Assets.xcassets in Resources */,
				DB5204812518C9C10071A837 /* gameOver.wav in Resources */,
				DB8C7178251A1E5D002E254E /* backgroundSong.mp3 in Resources */,
				DB908296250FC874001F1E7F /* WaterSplash.sks in Resources */,
				DB5A612324DDDBE3001A724F /* candy.wav in Resources */,
				DB6E4A2024F57635007E4098 /* SnowSplash.sks in Resources */,
				DB5A611324DDD8DE001A724F /* LaunchScreen.storyboard in Resources */,
				DB52047E2518C5C80071A837 /* waterSplash.wav in Resources */,
				DB4E24682590C5280072E79E /* GameScene.sks in Resources */,
				DB908298251253F4001F1E7F /* Snowing.sks in Resources */,
			);
			runOnlyForDeploymentPostprocessing = 0;
		};
		DB7565AE266154BE00F48A4F /* Resources */ = {
			isa = PBXResourcesBuildPhase;
			buildActionMask = 2147483647;
			files = (
				DB7565AF266154BE00F48A4F /* jump.wav in Resources */,
				DB7565B0266154BE00F48A4F /* ho-ho-ho.wav in Resources */,
				DB7565B1266154BE00F48A4F /* Main.storyboard in Resources */,
				DB7565B2266154BE00F48A4F /* Localizable.strings in Resources */,
				DB7565B3266154BE00F48A4F /* gameOver.wav in Resources */,
				DB7565B4266154BE00F48A4F /* backgroundSong.mp3 in Resources */,
				DB7565B5266154BE00F48A4F /* WaterSplash.sks in Resources */,
				DB7565B6266154BE00F48A4F /* candy.wav in Resources */,
				DB7565B7266154BE00F48A4F /* SnowSplash.sks in Resources */,
				DB7565B9266154BE00F48A4F /* LaunchScreen.storyboard in Resources */,
				DB7565BA266154BE00F48A4F /* waterSplash.wav in Resources */,
				DB7565BB266154BE00F48A4F /* GameScene.sks in Resources */,
				DB7565BC266154BE00F48A4F /* Snowing.sks in Resources */,
			);
			runOnlyForDeploymentPostprocessing = 0;
		};
		DBEBFC2C25DC0EAF006725EC /* Resources */ = {
			isa = PBXResourcesBuildPhase;
			buildActionMask = 2147483647;
			files = (
			);
			runOnlyForDeploymentPostprocessing = 0;
		};
		DBEBFC3C25DC0F9B006725EC /* Resources */ = {
			isa = PBXResourcesBuildPhase;
			buildActionMask = 2147483647;
			files = (
			);
			runOnlyForDeploymentPostprocessing = 0;
		};
/* End PBXResourcesBuildPhase section */

/* Begin PBXSourcesBuildPhase section */
		DB5A60FB24DDD8DC001A724F /* Sources */ = {
			isa = PBXSourcesBuildPhase;
			buildActionMask = 2147483647;
			files = (
				DB75659A265ECD2900F48A4F /* String+Localized.swift in Sources */,
				DB5A610924DDD8DC001A724F /* GameScene.swift in Sources */,
				DB5A611B24DDD9FD001A724F /* Santa.swift in Sources */,
				DB5A611D24DDDA9B001A724F /* MenuLayer.swift in Sources */,
				DB5A610B24DDD8DC001A724F /* GameViewController.swift in Sources */,
				DB5A610324DDD8DC001A724F /* AppDelegate.swift in Sources */,
			);
			runOnlyForDeploymentPostprocessing = 0;
		};
		DB7565A6266154BE00F48A4F /* Sources */ = {
			isa = PBXSourcesBuildPhase;
			buildActionMask = 2147483647;
			files = (
				DB7565A7266154BE00F48A4F /* String+Localized.swift in Sources */,
				DB7565A8266154BE00F48A4F /* GameScene.swift in Sources */,
				DB7565A9266154BE00F48A4F /* Santa.swift in Sources */,
				DB7565AA266154BE00F48A4F /* MenuLayer.swift in Sources */,
				DB7565AB266154BE00F48A4F /* GameViewController.swift in Sources */,
				DB7565AC266154BE00F48A4F /* AppDelegate.swift in Sources */,
			);
			runOnlyForDeploymentPostprocessing = 0;
		};
		DBEBFC2A25DC0EAF006725EC /* Sources */ = {
			isa = PBXSourcesBuildPhase;
			buildActionMask = 2147483647;
			files = (
				DBEBFC3125DC0EB0006725EC /* Funny_SantaUITests.swift in Sources */,
			);
			runOnlyForDeploymentPostprocessing = 0;
		};
		DBEBFC3A25DC0F9B006725EC /* Sources */ = {
			isa = PBXSourcesBuildPhase;
			buildActionMask = 2147483647;
			files = (
				DBEBFC4125DC0F9B006725EC /* Funny_SantaTests.swift in Sources */,
			);
			runOnlyForDeploymentPostprocessing = 0;
		};
/* End PBXSourcesBuildPhase section */

/* Begin PBXTargetDependency section */
		DBEBFC3425DC0EB0006725EC /* PBXTargetDependency */ = {
			isa = PBXTargetDependency;
			target = DB5A60FE24DDD8DC001A724F /* Funny Santa */;
			targetProxy = DBEBFC3325DC0EB0006725EC /* PBXContainerItemProxy */;
		};
		DBEBFC4425DC0F9B006725EC /* PBXTargetDependency */ = {
			isa = PBXTargetDependency;
			target = DB5A60FE24DDD8DC001A724F /* Funny Santa */;
			targetProxy = DBEBFC4325DC0F9B006725EC /* PBXContainerItemProxy */;
		};
/* End PBXTargetDependency section */

/* Begin PBXVariantGroup section */
		DB5A610C24DDD8DC001A724F /* Main.storyboard */ = {
			isa = PBXVariantGroup;
			children = (
				DB5A610D24DDD8DC001A724F /* Base */,
				DB7565A02660102800F48A4F /* fi-FI */,
			);
			name = Main.storyboard;
			sourceTree = "<group>";
		};
		DB5A611124DDD8DE001A724F /* LaunchScreen.storyboard */ = {
			isa = PBXVariantGroup;
			children = (
				DB5A611224DDD8DE001A724F /* Base */,
				DB7565A12660102800F48A4F /* fi-FI */,
				DB7565A4266141D100F48A4F /* en */,
			);
			name = LaunchScreen.storyboard;
			sourceTree = "<group>";
		};
		DB75659F265ECD4900F48A4F /* Localizable.strings */ = {
			isa = PBXVariantGroup;
			children = (
				DB75659E265ECD4900F48A4F /* en */,
				DB7565A22660102800F48A4F /* fi-FI */,
			);
			name = Localizable.strings;
			sourceTree = "<group>";
		};
/* End PBXVariantGroup section */

/* Begin XCBuildConfiguration section */
		DB5A611524DDD8DE001A724F /* Debug */ = {
			isa = XCBuildConfiguration;
			buildSettings = {
				ALWAYS_SEARCH_USER_PATHS = NO;
				CLANG_ANALYZER_LOCALIZABILITY_NONLOCALIZED = YES;
				CLANG_ANALYZER_NONNULL = YES;
				CLANG_ANALYZER_NUMBER_OBJECT_CONVERSION = YES_AGGRESSIVE;
				CLANG_CXX_LANGUAGE_STANDARD = "gnu++14";
				CLANG_CXX_LIBRARY = "libc++";
				CLANG_ENABLE_MODULES = YES;
				CLANG_ENABLE_OBJC_ARC = YES;
				CLANG_ENABLE_OBJC_WEAK = YES;
				CLANG_WARN_BLOCK_CAPTURE_AUTORELEASING = YES;
				CLANG_WARN_BOOL_CONVERSION = YES;
				CLANG_WARN_COMMA = YES;
				CLANG_WARN_CONSTANT_CONVERSION = YES;
				CLANG_WARN_DEPRECATED_OBJC_IMPLEMENTATIONS = YES;
				CLANG_WARN_DIRECT_OBJC_ISA_USAGE = YES_ERROR;
				CLANG_WARN_DOCUMENTATION_COMMENTS = YES;
				CLANG_WARN_EMPTY_BODY = YES;
				CLANG_WARN_ENUM_CONVERSION = YES;
				CLANG_WARN_INFINITE_RECURSION = YES;
				CLANG_WARN_INT_CONVERSION = YES;
				CLANG_WARN_NON_LITERAL_NULL_CONVERSION = YES;
				CLANG_WARN_OBJC_IMPLICIT_RETAIN_SELF = YES;
				CLANG_WARN_OBJC_LITERAL_CONVERSION = YES;
				CLANG_WARN_OBJC_ROOT_CLASS = YES_ERROR;
				CLANG_WARN_QUOTED_INCLUDE_IN_FRAMEWORK_HEADER = YES;
				CLANG_WARN_RANGE_LOOP_ANALYSIS = YES;
				CLANG_WARN_STRICT_PROTOTYPES = YES;
				CLANG_WARN_SUSPICIOUS_MOVE = YES;
				CLANG_WARN_UNGUARDED_AVAILABILITY = YES_AGGRESSIVE;
				CLANG_WARN_UNREACHABLE_CODE = YES;
				CLANG_WARN__DUPLICATE_METHOD_MATCH = YES;
				COPY_PHASE_STRIP = NO;
				DEBUG_INFORMATION_FORMAT = dwarf;
				ENABLE_STRICT_OBJC_MSGSEND = YES;
				ENABLE_TESTABILITY = YES;
				GCC_C_LANGUAGE_STANDARD = gnu11;
				GCC_DYNAMIC_NO_PIC = NO;
				GCC_NO_COMMON_BLOCKS = YES;
				GCC_OPTIMIZATION_LEVEL = 0;
				GCC_PREPROCESSOR_DEFINITIONS = (
					"DEBUG=1",
					"$(inherited)",
				);
				GCC_WARN_64_TO_32_BIT_CONVERSION = YES;
				GCC_WARN_ABOUT_RETURN_TYPE = YES_ERROR;
				GCC_WARN_UNDECLARED_SELECTOR = YES;
				GCC_WARN_UNINITIALIZED_AUTOS = YES_AGGRESSIVE;
				GCC_WARN_UNUSED_FUNCTION = YES;
				GCC_WARN_UNUSED_VARIABLE = YES;
				IPHONEOS_DEPLOYMENT_TARGET = 14.0;
				MTL_ENABLE_DEBUG_INFO = INCLUDE_SOURCE;
				MTL_FAST_MATH = YES;
				ONLY_ACTIVE_ARCH = YES;
				SDKROOT = iphoneos;
				SWIFT_ACTIVE_COMPILATION_CONDITIONS = DEBUG;
				SWIFT_OPTIMIZATION_LEVEL = "-Onone";
			};
			name = Debug;
		};
		DB5A611624DDD8DE001A724F /* Release */ = {
			isa = XCBuildConfiguration;
			buildSettings = {
				ALWAYS_SEARCH_USER_PATHS = NO;
				CLANG_ANALYZER_LOCALIZABILITY_NONLOCALIZED = YES;
				CLANG_ANALYZER_NONNULL = YES;
				CLANG_ANALYZER_NUMBER_OBJECT_CONVERSION = YES_AGGRESSIVE;
				CLANG_CXX_LANGUAGE_STANDARD = "gnu++14";
				CLANG_CXX_LIBRARY = "libc++";
				CLANG_ENABLE_MODULES = YES;
				CLANG_ENABLE_OBJC_ARC = YES;
				CLANG_ENABLE_OBJC_WEAK = YES;
				CLANG_WARN_BLOCK_CAPTURE_AUTORELEASING = YES;
				CLANG_WARN_BOOL_CONVERSION = YES;
				CLANG_WARN_COMMA = YES;
				CLANG_WARN_CONSTANT_CONVERSION = YES;
				CLANG_WARN_DEPRECATED_OBJC_IMPLEMENTATIONS = YES;
				CLANG_WARN_DIRECT_OBJC_ISA_USAGE = YES_ERROR;
				CLANG_WARN_DOCUMENTATION_COMMENTS = YES;
				CLANG_WARN_EMPTY_BODY = YES;
				CLANG_WARN_ENUM_CONVERSION = YES;
				CLANG_WARN_INFINITE_RECURSION = YES;
				CLANG_WARN_INT_CONVERSION = YES;
				CLANG_WARN_NON_LITERAL_NULL_CONVERSION = YES;
				CLANG_WARN_OBJC_IMPLICIT_RETAIN_SELF = YES;
				CLANG_WARN_OBJC_LITERAL_CONVERSION = YES;
				CLANG_WARN_OBJC_ROOT_CLASS = YES_ERROR;
				CLANG_WARN_QUOTED_INCLUDE_IN_FRAMEWORK_HEADER = YES;
				CLANG_WARN_RANGE_LOOP_ANALYSIS = YES;
				CLANG_WARN_STRICT_PROTOTYPES = YES;
				CLANG_WARN_SUSPICIOUS_MOVE = YES;
				CLANG_WARN_UNGUARDED_AVAILABILITY = YES_AGGRESSIVE;
				CLANG_WARN_UNREACHABLE_CODE = YES;
				CLANG_WARN__DUPLICATE_METHOD_MATCH = YES;
				COPY_PHASE_STRIP = NO;
				DEBUG_INFORMATION_FORMAT = "dwarf-with-dsym";
				ENABLE_NS_ASSERTIONS = NO;
				ENABLE_STRICT_OBJC_MSGSEND = YES;
				GCC_C_LANGUAGE_STANDARD = gnu11;
				GCC_NO_COMMON_BLOCKS = YES;
				GCC_WARN_64_TO_32_BIT_CONVERSION = YES;
				GCC_WARN_ABOUT_RETURN_TYPE = YES_ERROR;
				GCC_WARN_UNDECLARED_SELECTOR = YES;
				GCC_WARN_UNINITIALIZED_AUTOS = YES_AGGRESSIVE;
				GCC_WARN_UNUSED_FUNCTION = YES;
				GCC_WARN_UNUSED_VARIABLE = YES;
				IPHONEOS_DEPLOYMENT_TARGET = 14.0;
				MTL_ENABLE_DEBUG_INFO = NO;
				MTL_FAST_MATH = YES;
				SDKROOT = iphoneos;
				SWIFT_COMPILATION_MODE = wholemodule;
				SWIFT_OPTIMIZATION_LEVEL = "-O";
				VALIDATE_PRODUCT = YES;
			};
			name = Release;
		};
		DB5A611824DDD8DE001A724F /* Debug */ = {
			isa = XCBuildConfiguration;
			buildSettings = {
				ASSETCATALOG_COMPILER_APPICON_NAME = AppIcon;
				CODE_SIGN_IDENTITY = "iPhone Developer";
				CODE_SIGN_STYLE = Automatic;
				CURRENT_PROJECT_VERSION = 5;
				DEVELOPMENT_TEAM = X8NNCQ3HW6;
				INFOPLIST_FILE = "Funny Santa/Info.plist";
				IPHONEOS_DEPLOYMENT_TARGET = 14.5;
				LD_RUNPATH_SEARCH_PATHS = (
					"$(inherited)",
					"@executable_path/Frameworks",
				);
				MARKETING_VERSION = 1.0;
				PRODUCT_BUNDLE_IDENTIFIER = "Oleksandr-Solokha.Funny-Santa";
				PRODUCT_NAME = "$(TARGET_NAME)";
				SWIFT_VERSION = 5.0;
				TARGETED_DEVICE_FAMILY = "1,2";
			};
			name = Debug;
		};
		DB5A611924DDD8DE001A724F /* Release */ = {
			isa = XCBuildConfiguration;
			buildSettings = {
				ASSETCATALOG_COMPILER_APPICON_NAME = AppIcon;
				CODE_SIGN_IDENTITY = "iPhone Developer";
				CODE_SIGN_STYLE = Automatic;
				CURRENT_PROJECT_VERSION = 5;
				DEVELOPMENT_TEAM = X8NNCQ3HW6;
				INFOPLIST_FILE = "Funny Santa/Info.plist";
				IPHONEOS_DEPLOYMENT_TARGET = 14.5;
				LD_RUNPATH_SEARCH_PATHS = (
					"$(inherited)",
					"@executable_path/Frameworks",
				);
				MARKETING_VERSION = 1.0;
				PRODUCT_BUNDLE_IDENTIFIER = "Oleksandr-Solokha.Funny-Santa";
				PRODUCT_NAME = "$(TARGET_NAME)";
				SWIFT_VERSION = 5.0;
				TARGETED_DEVICE_FAMILY = "1,2";
			};
			name = Release;
		};
		DB7565BE266154BE00F48A4F /* Debug */ = {
			isa = XCBuildConfiguration;
			buildSettings = {
				ASSETCATALOG_COMPILER_APPICON_NAME = AppIcon;
				CODE_SIGN_IDENTITY = "iPhone Developer";
				CODE_SIGN_STYLE = Automatic;
				DEVELOPMENT_TEAM = X8NNCQ3HW6;
				INFOPLIST_FILE = "Funny Santa copy-Info.plist";
				IPHONEOS_DEPLOYMENT_TARGET = 14.5;
				LD_RUNPATH_SEARCH_PATHS = (
					"$(inherited)",
					"@executable_path/Frameworks",
				);
				PRODUCT_BUNDLE_IDENTIFIER = "Oleksandr-Solokha.Funny-Santa";
				PRODUCT_NAME = "Funny Santa-iPad";
				SWIFT_VERSION = 5.0;
				TARGETED_DEVICE_FAMILY = 2;
			};
			name = Debug;
		};
		DB7565BF266154BE00F48A4F /* Release */ = {
			isa = XCBuildConfiguration;
			buildSettings = {
				ASSETCATALOG_COMPILER_APPICON_NAME = AppIcon;
				CODE_SIGN_IDENTITY = "iPhone Developer";
				CODE_SIGN_STYLE = Automatic;
				DEVELOPMENT_TEAM = X8NNCQ3HW6;
				INFOPLIST_FILE = "Funny Santa copy-Info.plist";
				IPHONEOS_DEPLOYMENT_TARGET = 14.5;
				LD_RUNPATH_SEARCH_PATHS = (
					"$(inherited)",
					"@executable_path/Frameworks",
				);
				PRODUCT_BUNDLE_IDENTIFIER = "Oleksandr-Solokha.Funny-Santa";
				PRODUCT_NAME = "Funny Santa-iPad";
				SWIFT_VERSION = 5.0;
				TARGETED_DEVICE_FAMILY = 2;
			};
			name = Release;
		};
		DBEBFC3625DC0EB0006725EC /* Debug */ = {
			isa = XCBuildConfiguration;
			buildSettings = {
				CODE_SIGN_STYLE = Automatic;
				DEVELOPMENT_TEAM = X8NNCQ3HW6;
				INFOPLIST_FILE = "Funny SantaUITests/Info.plist";
				IPHONEOS_DEPLOYMENT_TARGET = 14.4;
				LD_RUNPATH_SEARCH_PATHS = (
					"$(inherited)",
					"@executable_path/Frameworks",
					"@loader_path/Frameworks",
				);
				PRODUCT_BUNDLE_IDENTIFIER = "Oleksandr-Solokha.Funny-SantaUITests";
				PRODUCT_NAME = "$(TARGET_NAME)";
				SWIFT_VERSION = 5.0;
				TARGETED_DEVICE_FAMILY = "1,2";
				TEST_TARGET_NAME = "Funny Santa";
			};
			name = Debug;
		};
		DBEBFC3725DC0EB0006725EC /* Release */ = {
			isa = XCBuildConfiguration;
			buildSettings = {
				CODE_SIGN_STYLE = Automatic;
				DEVELOPMENT_TEAM = X8NNCQ3HW6;
				INFOPLIST_FILE = "Funny SantaUITests/Info.plist";
				IPHONEOS_DEPLOYMENT_TARGET = 14.4;
				LD_RUNPATH_SEARCH_PATHS = (
					"$(inherited)",
					"@executable_path/Frameworks",
					"@loader_path/Frameworks",
				);
				PRODUCT_BUNDLE_IDENTIFIER = "Oleksandr-Solokha.Funny-SantaUITests";
				PRODUCT_NAME = "$(TARGET_NAME)";
				SWIFT_VERSION = 5.0;
				TARGETED_DEVICE_FAMILY = "1,2";
				TEST_TARGET_NAME = "Funny Santa";
			};
			name = Release;
		};
		DBEBFC4625DC0F9B006725EC /* Debug */ = {
			isa = XCBuildConfiguration;
			buildSettings = {
				BUNDLE_LOADER = "$(TEST_HOST)";
				CODE_SIGN_STYLE = Automatic;
				DEVELOPMENT_TEAM = X8NNCQ3HW6;
				INFOPLIST_FILE = "Funny SantaTests/Info.plist";
				IPHONEOS_DEPLOYMENT_TARGET = 14.4;
				LD_RUNPATH_SEARCH_PATHS = (
					"$(inherited)",
					"@executable_path/Frameworks",
					"@loader_path/Frameworks",
				);
				PRODUCT_BUNDLE_IDENTIFIER = "Oleksandr-Solokha.Funny-SantaTests";
				PRODUCT_NAME = "$(TARGET_NAME)";
				SWIFT_VERSION = 5.0;
				TARGETED_DEVICE_FAMILY = "1,2";
				TEST_HOST = "$(BUILT_PRODUCTS_DIR)/Funny Santa.app/Funny Santa";
			};
			name = Debug;
		};
		DBEBFC4725DC0F9B006725EC /* Release */ = {
			isa = XCBuildConfiguration;
			buildSettings = {
				BUNDLE_LOADER = "$(TEST_HOST)";
				CODE_SIGN_STYLE = Automatic;
				DEVELOPMENT_TEAM = X8NNCQ3HW6;
				INFOPLIST_FILE = "Funny SantaTests/Info.plist";
				IPHONEOS_DEPLOYMENT_TARGET = 14.4;
				LD_RUNPATH_SEARCH_PATHS = (
					"$(inherited)",
					"@executable_path/Frameworks",
					"@loader_path/Frameworks",
				);
				PRODUCT_BUNDLE_IDENTIFIER = "Oleksandr-Solokha.Funny-SantaTests";
				PRODUCT_NAME = "$(TARGET_NAME)";
				SWIFT_VERSION = 5.0;
				TARGETED_DEVICE_FAMILY = "1,2";
				TEST_HOST = "$(BUILT_PRODUCTS_DIR)/Funny Santa.app/Funny Santa";
			};
			name = Release;
		};
/* End XCBuildConfiguration section */

/* Begin XCConfigurationList section */
		DB5A60FA24DDD8DC001A724F /* Build configuration list for PBXProject "Funny Santa" */ = {
			isa = XCConfigurationList;
			buildConfigurations = (
				DB5A611524DDD8DE001A724F /* Debug */,
				DB5A611624DDD8DE001A724F /* Release */,
			);
			defaultConfigurationIsVisible = 0;
			defaultConfigurationName = Release;
		};
		DB5A611724DDD8DE001A724F /* Build configuration list for PBXNativeTarget "Funny Santa" */ = {
			isa = XCConfigurationList;
			buildConfigurations = (
				DB5A611824DDD8DE001A724F /* Debug */,
				DB5A611924DDD8DE001A724F /* Release */,
			);
			defaultConfigurationIsVisible = 0;
			defaultConfigurationName = Release;
		};
		DB7565BD266154BE00F48A4F /* Build configuration list for PBXNativeTarget "Funny Santa-iPad" */ = {
			isa = XCConfigurationList;
			buildConfigurations = (
				DB7565BE266154BE00F48A4F /* Debug */,
				DB7565BF266154BE00F48A4F /* Release */,
			);
			defaultConfigurationIsVisible = 0;
			defaultConfigurationName = Release;
		};
		DBEBFC3525DC0EB0006725EC /* Build configuration list for PBXNativeTarget "Funny SantaUITests" */ = {
			isa = XCConfigurationList;
			buildConfigurations = (
				DBEBFC3625DC0EB0006725EC /* Debug */,
				DBEBFC3725DC0EB0006725EC /* Release */,
			);
			defaultConfigurationIsVisible = 0;
			defaultConfigurationName = Release;
		};
		DBEBFC4525DC0F9B006725EC /* Build configuration list for PBXNativeTarget "Funny SantaTests" */ = {
			isa = XCConfigurationList;
			buildConfigurations = (
				DBEBFC4625DC0F9B006725EC /* Debug */,
				DBEBFC4725DC0F9B006725EC /* Release */,
			);
			defaultConfigurationIsVisible = 0;
			defaultConfigurationName = Release;
		};
/* End XCConfigurationList section */
	};
	rootObject = DB5A60F724DDD8DC001A724F /* Project object */;
}
